
Microsoft Visual Studio Solution File, Format Version 12.00
# Visual Studio 2013
VisualStudioVersion = 12.0.21005.1
MinimumVisualStudioVersion = 10.0.40219.1
Project("{2150E333-8FDC-42A3-9474-1A3956D46DE8}") = "Solution Items", "Solution Items", "{20543A14-F5A4-455F-9E0E-415C8F553932}"
	ProjectSection(SolutionItems) = preProject
		..\BREPipelineFramework SSO Password.txt = ..\BREPipelineFramework SSO Password.txt
		BREPipelineFramework.runsettings = BREPipelineFramework.runsettings
		..\BREPipelineFramework.snk = ..\BREPipelineFramework.snk
		..\BREPipelineFramework.sso = ..\BREPipelineFramework.sso
		..\BREPipelineFrameworkTest.sql = ..\BREPipelineFrameworkTest.sql
		..\Instructions - Setup steps in order to ensure tests can run.txt = ..\Instructions - Setup steps in order to ensure tests can run.txt
	EndProjectSection
EndProject
Project("{FAE04EC0-301F-11D3-BF4B-00C04F79EFBC}") = "BREPipelineFramework.UnitTests", "BREPipelineFramework.UnitTests\BREPipelineFramework.UnitTests.csproj", "{456A6B6A-61C4-48C2-9872-AE30C98029E3}"
EndProject
Project("{FAE04EC0-301F-11D3-BF4B-00C04F79EFBC}") = "BREPipelineFramework.TestProject", "BREPipelineFramework.TestProject\BREPipelineFramework.TestProject.btproj", "{059BF0C4-CE2F-4F27-A2DB-56A76C2973F7}"
EndProject
Project("{2150E333-8FDC-42A3-9474-1A3956D46DE8}") = "Libs", "Libs", "{3734CB7F-B965-4B21-9C3F-A56FE771E79C}"
	ProjectSection(SolutionItems) = preProject
		..\Libs\BTS.Testing.TraceMonitor.BizUnit4.TestSteps.dll = ..\Libs\BTS.Testing.TraceMonitor.BizUnit4.TestSteps.dll
		..\Libs\Winterdom.BizTalk.PipelineTesting.dll = ..\Libs\Winterdom.BizTalk.PipelineTesting.dll
	EndProjectSection
EndProject
Project("{2150E333-8FDC-42A3-9474-1A3956D46DE8}") = "BRE Artifacts", "BRE Artifacts", "{4D2DA409-B5E3-4BAF-8FA7-8418934799F6}"
	ProjectSection(SolutionItems) = preProject
		..\BRE Artifacts\All Test Artifacts.xml = ..\BRE Artifacts\All Test Artifacts.xml
	EndProjectSection
EndProject
Project("{FAE04EC0-301F-11D3-BF4B-00C04F79EFBC}") = "BREPipelineFramework.CustomBizUnitTestSteps", "..\BREPipelineFramework.CustomBizUnitTestSteps\BREPipelineFramework.CustomBizUnitTestSteps.csproj", "{33FF3FE8-9A6B-42E8-A1F1-CAD65BCA84AE}"
EndProject
Project("{FAE04EC0-301F-11D3-BF4B-00C04F79EFBC}") = "BREPipelineFramework.TestSampleInstructions", "..\BREPipelineFramework.TestSampleInstructions\BREPipelineFramework.TestSampleInstructions.csproj", "{4B694161-3047-4BE1-B4CC-A0ED192E45F7}"
EndProject
Project("{2150E333-8FDC-42A3-9474-1A3956D46DE8}") = "Policies", "Policies", "{D3F6F306-387D-415E-B5AB-45B5CB3CC71D}"
	ProjectSection(SolutionItems) = preProject
		..\BRE Artifacts\Policies\BREPipelineFramework.JSONPolicy.1.0.xml = ..\BRE Artifacts\Policies\BREPipelineFramework.JSONPolicy.1.0.xml
	EndProjectSection
EndProject
Project("{2150E333-8FDC-42A3-9474-1A3956D46DE8}") = "Vocabularies", "Vocabularies", "{AA6EBB4D-E3BF-45D2-8F5F-5B6105B51207}"
	ProjectSection(SolutionItems) = preProject
		..\BRE Artifacts\Vocabularies\BREPipelineFramework.JSONInstructions.1.0.xml = ..\BRE Artifacts\Vocabularies\BREPipelineFramework.JSONInstructions.1.0.xml
	EndProjectSection
EndProject
Project("{FAE04EC0-301F-11D3-BF4B-00C04F79EFBC}") = "BREPipelineFramework.JSON", "BREPipelineFramework.JSON\BREPipelineFramework.JSON.csproj", "{9EFFFC93-054B-4D25-AE84-DB6EA75BDD5E}"
EndProject
Project("{930C7802-8A8C-48F9-8165-68863BCCD9DD}") = "BREPipelineFramework.JSONInstructions.Installer", "BREPipelineFramework.JSONInstructions.Installer\BREPipelineFramework.JSONInstructions.Installer.wixproj", "{F71EB0AB-7DA5-4970-B185-C571EA9E530C}"
EndProject
Global
	GlobalSection(TeamFoundationVersionControl) = preSolution
		SccNumberOfProjects = 7
		SccEnterpriseProvider = {4CA58AB2-18FA-4F8D-95D4-32DDF27D184C}
		SccTeamFoundationServer = https://tfs.codeplex.com/tfs/tfs13
		SccLocalPath0 = .
		SccProjectUniqueName1 = BREPipelineFramework.TestProject\\BREPipelineFramework.TestProject.btproj
		SccProjectName1 = BREPipelineFramework.TestProject
		SccLocalPath1 = BREPipelineFramework.TestProject
		SccProjectUniqueName2 = BREPipelineFramework.UnitTests\\BREPipelineFramework.UnitTests.csproj
		SccProjectName2 = BREPipelineFramework.UnitTests
		SccLocalPath2 = BREPipelineFramework.UnitTests
		SccProjectUniqueName3 = ..\\BREPipelineFramework.CustomBizUnitTestSteps\\BREPipelineFramework.CustomBizUnitTestSteps.csproj
		SccProjectName3 = ../BREPipelineFramework.CustomBizUnitTestSteps
		SccLocalPath3 = ..\\BREPipelineFramework.CustomBizUnitTestSteps
		SccProjectUniqueName4 = ..\\BREPipelineFramework.TestSampleInstructions\\BREPipelineFramework.TestSampleInstructions.csproj
		SccProjectName4 = ../BREPipelineFramework.TestSampleInstructions
		SccLocalPath4 = ..\\BREPipelineFramework.TestSampleInstructions
		SccProjectUniqueName5 = BREPipelineFramework.JSON\\BREPipelineFramework.JSON.csproj
		SccProjectName5 = BREPipelineFramework.JSON
		SccLocalPath5 = BREPipelineFramework.JSON
		SccProjectUniqueName6 = BREPipelineFramework.JSONInstructions.Installer\\BREPipelineFramework.JSONInstructions.Installer.wixproj
		SccProjectName6 = BREPipelineFramework.JSONInstructions.Installer
		SccLocalPath6 = BREPipelineFramework.JSONInstructions.Installer
	EndGlobalSection
	GlobalSection(SolutionConfigurationPlatforms) = preSolution
		Debug|Any CPU = Debug|Any CPU
		Debug|Mixed Platforms = Debug|Mixed Platforms
		Debug|x86 = Debug|x86
		Release|Any CPU = Release|Any CPU
		Release|Mixed Platforms = Release|Mixed Platforms
		Release|x86 = Release|x86
	EndGlobalSection
	GlobalSection(ProjectConfigurationPlatforms) = postSolution
		{456A6B6A-61C4-48C2-9872-AE30C98029E3}.Debug|Any CPU.ActiveCfg = Debug|Any CPU
		{456A6B6A-61C4-48C2-9872-AE30C98029E3}.Debug|Any CPU.Build.0 = Debug|Any CPU
		{456A6B6A-61C4-48C2-9872-AE30C98029E3}.Debug|Mixed Platforms.ActiveCfg = Debug|x86
		{456A6B6A-61C4-48C2-9872-AE30C98029E3}.Debug|Mixed Platforms.Build.0 = Debug|x86
		{456A6B6A-61C4-48C2-9872-AE30C98029E3}.Debug|x86.ActiveCfg = Debug|Any CPU
		{456A6B6A-61C4-48C2-9872-AE30C98029E3}.Debug|x86.Build.0 = Debug|Any CPU
		{456A6B6A-61C4-48C2-9872-AE30C98029E3}.Release|Any CPU.ActiveCfg = Release|Any CPU
		{456A6B6A-61C4-48C2-9872-AE30C98029E3}.Release|Any CPU.Build.0 = Release|Any CPU
		{456A6B6A-61C4-48C2-9872-AE30C98029E3}.Release|Mixed Platforms.ActiveCfg = Release|x86
		{456A6B6A-61C4-48C2-9872-AE30C98029E3}.Release|Mixed Platforms.Build.0 = Release|x86
		{456A6B6A-61C4-48C2-9872-AE30C98029E3}.Release|x86.ActiveCfg = Release|x86
		{456A6B6A-61C4-48C2-9872-AE30C98029E3}.Release|x86.Build.0 = Release|x86
		{059BF0C4-CE2F-4F27-A2DB-56A76C2973F7}.Debug|Any CPU.ActiveCfg = Debug|Any CPU
		{059BF0C4-CE2F-4F27-A2DB-56A76C2973F7}.Debug|Any CPU.Build.0 = Debug|Any CPU
		{059BF0C4-CE2F-4F27-A2DB-56A76C2973F7}.Debug|Any CPU.Deploy.0 = Debug|Any CPU
		{059BF0C4-CE2F-4F27-A2DB-56A76C2973F7}.Debug|Mixed Platforms.ActiveCfg = Debug|x86
		{059BF0C4-CE2F-4F27-A2DB-56A76C2973F7}.Debug|Mixed Platforms.Build.0 = Debug|x86
		{059BF0C4-CE2F-4F27-A2DB-56A76C2973F7}.Debug|Mixed Platforms.Deploy.0 = Debug|x86
		{059BF0C4-CE2F-4F27-A2DB-56A76C2973F7}.Debug|x86.ActiveCfg = Debug|Any CPU
		{059BF0C4-CE2F-4F27-A2DB-56A76C2973F7}.Debug|x86.Build.0 = Debug|Any CPU
		{059BF0C4-CE2F-4F27-A2DB-56A76C2973F7}.Debug|x86.Deploy.0 = Debug|Any CPU
		{059BF0C4-CE2F-4F27-A2DB-56A76C2973F7}.Release|Any CPU.ActiveCfg = Release|Any CPU
		{059BF0C4-CE2F-4F27-A2DB-56A76C2973F7}.Release|Any CPU.Build.0 = Release|Any CPU
		{059BF0C4-CE2F-4F27-A2DB-56A76C2973F7}.Release|Any CPU.Deploy.0 = Release|Any CPU
		{059BF0C4-CE2F-4F27-A2DB-56A76C2973F7}.Release|Mixed Platforms.ActiveCfg = Release|x86
		{059BF0C4-CE2F-4F27-A2DB-56A76C2973F7}.Release|Mixed Platforms.Build.0 = Release|x86
		{059BF0C4-CE2F-4F27-A2DB-56A76C2973F7}.Release|Mixed Platforms.Deploy.0 = Release|x86
		{059BF0C4-CE2F-4F27-A2DB-56A76C2973F7}.Release|x86.ActiveCfg = Release|x86
		{059BF0C4-CE2F-4F27-A2DB-56A76C2973F7}.Release|x86.Build.0 = Release|x86
		{059BF0C4-CE2F-4F27-A2DB-56A76C2973F7}.Release|x86.Deploy.0 = Release|x86
		{33FF3FE8-9A6B-42E8-A1F1-CAD65BCA84AE}.Debug|Any CPU.ActiveCfg = Debug|Any CPU
		{33FF3FE8-9A6B-42E8-A1F1-CAD65BCA84AE}.Debug|Any CPU.Build.0 = Debug|Any CPU
		{33FF3FE8-9A6B-42E8-A1F1-CAD65BCA84AE}.Debug|Mixed Platforms.ActiveCfg = Debug|Any CPU
		{33FF3FE8-9A6B-42E8-A1F1-CAD65BCA84AE}.Debug|Mixed Platforms.Build.0 = Debug|Any CPU
		{33FF3FE8-9A6B-42E8-A1F1-CAD65BCA84AE}.Debug|x86.ActiveCfg = Debug|Any CPU
		{33FF3FE8-9A6B-42E8-A1F1-CAD65BCA84AE}.Release|Any CPU.ActiveCfg = Release|Any CPU
		{33FF3FE8-9A6B-42E8-A1F1-CAD65BCA84AE}.Release|Any CPU.Build.0 = Release|Any CPU
		{33FF3FE8-9A6B-42E8-A1F1-CAD65BCA84AE}.Release|Mixed Platforms.ActiveCfg = Release|Any CPU
		{33FF3FE8-9A6B-42E8-A1F1-CAD65BCA84AE}.Release|Mixed Platforms.Build.0 = Release|Any CPU
		{33FF3FE8-9A6B-42E8-A1F1-CAD65BCA84AE}.Release|x86.ActiveCfg = Release|Any CPU
		{4B694161-3047-4BE1-B4CC-A0ED192E45F7}.Debug|Any CPU.ActiveCfg = Debug|Any CPU
		{4B694161-3047-4BE1-B4CC-A0ED192E45F7}.Debug|Any CPU.Build.0 = Debug|Any CPU
		{4B694161-3047-4BE1-B4CC-A0ED192E45F7}.Debug|Mixed Platforms.ActiveCfg = Debug|Any CPU
		{4B694161-3047-4BE1-B4CC-A0ED192E45F7}.Debug|Mixed Platforms.Build.0 = Debug|Any CPU
		{4B694161-3047-4BE1-B4CC-A0ED192E45F7}.Debug|x86.ActiveCfg = Debug|Any CPU
		{4B694161-3047-4BE1-B4CC-A0ED192E45F7}.Release|Any CPU.ActiveCfg = Release|Any CPU
		{4B694161-3047-4BE1-B4CC-A0ED192E45F7}.Release|Any CPU.Build.0 = Release|Any CPU
		{4B694161-3047-4BE1-B4CC-A0ED192E45F7}.Release|Mixed Platforms.ActiveCfg = Release|Any CPU
		{4B694161-3047-4BE1-B4CC-A0ED192E45F7}.Release|Mixed Platforms.Build.0 = Release|Any CPU
		{4B694161-3047-4BE1-B4CC-A0ED192E45F7}.Release|x86.ActiveCfg = Release|Any CPU
		{9EFFFC93-054B-4D25-AE84-DB6EA75BDD5E}.Debug|Any CPU.ActiveCfg = Debug|Any CPU
		{9EFFFC93-054B-4D25-AE84-DB6EA75BDD5E}.Debug|Any CPU.Build.0 = Debug|Any CPU
		{9EFFFC93-054B-4D25-AE84-DB6EA75BDD5E}.Debug|Mixed Platforms.ActiveCfg = Debug|Any CPU
		{9EFFFC93-054B-4D25-AE84-DB6EA75BDD5E}.Debug|Mixed Platforms.Build.0 = Debug|Any CPU
		{9EFFFC93-054B-4D25-AE84-DB6EA75BDD5E}.Debug|x86.ActiveCfg = Debug|Any CPU
		{9EFFFC93-054B-4D25-AE84-DB6EA75BDD5E}.Release|Any CPU.ActiveCfg = Release|Any CPU
		{9EFFFC93-054B-4D25-AE84-DB6EA75BDD5E}.Release|Any CPU.Build.0 = Release|Any CPU
		{9EFFFC93-054B-4D25-AE84-DB6EA75BDD5E}.Release|Mixed Platforms.ActiveCfg = Release|Any CPU
		{9EFFFC93-054B-4D25-AE84-DB6EA75BDD5E}.Release|Mixed Platforms.Build.0 = Release|Any CPU
		{9EFFFC93-054B-4D25-AE84-DB6EA75BDD5E}.Release|x86.ActiveCfg = Release|Any CPU
		{F71EB0AB-7DA5-4970-B185-C571EA9E530C}.Debug|Any CPU.ActiveCfg = Debug|x86
		{F71EB0AB-7DA5-4970-B185-C571EA9E530C}.Debug|Mixed Platforms.ActiveCfg = Debug|x86
		{F71EB0AB-7DA5-4970-B185-C571EA9E530C}.Debug|Mixed Platforms.Build.0 = Debug|x86
		{F71EB0AB-7DA5-4970-B185-C571EA9E530C}.Debug|x86.ActiveCfg = Debug|x86
		{F71EB0AB-7DA5-4970-B185-C571EA9E530C}.Debug|x86.Build.0 = Debug|x86
		{F71EB0AB-7DA5-4970-B185-C571EA9E530C}.Release|Any CPU.ActiveCfg = Release|x86
		{F71EB0AB-7DA5-4970-B185-C571EA9E530C}.Release|Mixed Platforms.ActiveCfg = Release|x86
		{F71EB0AB-7DA5-4970-B185-C571EA9E530C}.Release|Mixed Platforms.Build.0 = Release|x86
		{F71EB0AB-7DA5-4970-B185-C571EA9E530C}.Release|x86.ActiveCfg = Release|x86
		{F71EB0AB-7DA5-4970-B185-C571EA9E530C}.Release|x86.Build.0 = Release|x86
	EndGlobalSection
	GlobalSection(SolutionProperties) = preSolution
		HideSolutionNode = FALSE
	EndGlobalSection
	GlobalSection(NestedProjects) = preSolution
		{D3F6F306-387D-415E-B5AB-45B5CB3CC71D} = {4D2DA409-B5E3-4BAF-8FA7-8418934799F6}
		{AA6EBB4D-E3BF-45D2-8F5F-5B6105B51207} = {4D2DA409-B5E3-4BAF-8FA7-8418934799F6}
	EndGlobalSection
EndGlobal
